version: 1
checksums:
  cd45f366fd2727f232266877d34abf6c:
    router.error_executing_command: 1789b44edc1001dc6913af81de94241a
    router.unknown_command: cd81f8386205126427be0d6922f13eeb
    router.type_help_hint: 66d9553b573a86115933c8595c8bbb94
    shell.thanks_for_visiting: c520ea846eee21e7026aed8dc79e68dd
    language.usage: 4c388f96f9ac624325c50a01bb2a11b9
    language.changed: f0016d22216b5b33ed195d555971763a
    language.invalid: cb8a7926ad267ed8b05e22d6b3b3e86f
    welcome.get_started: 5c783951b0100a168bdd2161ff294833
    welcome.who_i_am: 05d4554c00f745a8a5b357b364ff7a13
    welcome.what_i_built: 41b84ed3c55594565ca4031748fb657b
    welcome.my_stack: 67c148cf9d681664a8531ce6d7275e60
    welcome.reach_out: 54580eaec749490e5e6e6a28c68d5d99
    welcome.type_help: abb8a529d7cd2a93d9ebad745c92ecb8
    table.no_data: d30b546a626d903d1ec1b466b2b4b865
    welcome.theme_projects: 89046c78a27d3b25e8c840838286b28f
    boot.starting: a34aae627d8f43a503fc215a4e873e06
    boot.config_loaded: 3f4f9edbfc7ba3618f0eaab57cb1aeae
    boot.renderer_ready: 449a4ce6b6ee13156b3f6442e5c0d61d
    boot.theme: 77614b9ea10fade17c99c733e7533bca
    boot.plugins_ready: fd78d7fc63e3b54d6be1b554ee6b9276
    boot.shell_ready: e612972334b5d71101f27be327b4e37f
    boot.launching: 92ecfe009b0ca32a294d639ff0fb9bda
    help.title: 4284d4e971a1ae201a65d23918b7ab3f
    help.portfolio: 476484a89affb2a9065d240809815038
    help.system: 803281c327a02a2feba182f4a2b38311
    help.about: 887c637933a193f49ac21113ed59aa77
    help.projects: cae1df775c93077dc62796c72a42251b
    help.skills: 12b33c4efd7b6ef6380ac6109a17f9ae
    help.contact: 9095140277ad3c612e891f510ea97b96
    help.resume: 95dc8857fec92c2820fe920d884c30c3
    help.theme: 655041e6d1b0dbdf6ce2bbe54936f4a0
    help.language: ef06e41ba672d9b1b393edad283b98b2
    help.clear: bf797f5fbe87edf3d1a0d85d152a3168
    help.help: ef33e7fcac67bc0cd931bc2e4a2f4fd8
    help.exit: 187b8b1d0f475cef203078bc9f10a5c2
    projects.title: fe8af5cfb3c95cb35534872a325b225e
    projects.none: 8fe4ba59c770c14eee4176c806aca6dd
    projects.select: 639f4ba9a77ffb657bd99af27ccdb614
    projects.open_in_browser: c607251eef087a5a8003e7adca364d89
    skills.title: 6276c68d2f31791c44ef162896f6d8f8
    skills.none: a82de0b19eefff5d8ba51d1827e1b48c
    contact.title: 68e27e2cc130bd0d219652d583bb860a
    contact.none: 1092d8df463173b11cce4920d5f2260e
    contact.tip: 03ee1b5b74a210639d5b9e1bc3658cf8
    open.usage: 386004372fc86ce8b2277c35295074ef
    open.no_link: 5eed8a25c6ea38300637adb8c3688a91
    open.opening: 02b120f782864349515953adbf2476bc
    open.opened: bf794791ce971c98327cfc8be1d7c6fa
    open.failed: 614b05badcde5f8c525391c0a3d82562
    resume.opening: b750a521f959264c58a95fe9779237f6
    resume.opened: 3d984fd0d000a661bd1c3176f136e1aa
    resume.failed: 470a2ffbfee5a358c81a17253ab8b6a5
    resume.none: 6af28fd6be4578a50984da5c20ca273f
    theme.title: e0de99b742a3289ff3b66ee73e4c1abc
    theme.usage: 2a6cbac7a2252c443057dadd707c505e
    theme.tip: 761fb488eb5e6bb059650492520aca4d
    theme.selected: dd1ffc7ebf01607789e739d248b15c54
    theme.restart: e74c463d75a842afb381403c163b1378
    theme.unknown: 7236242d4cb7698663073f6b0cfe93db
    theme.valid: d8a56de0a6073a4f8c2e198d4d60fa6c
